Microsoft Visual Studio Solution File, Format Version 12.00
# Visual Studio Version 17
VisualStudioVersion = 17.5.2.0
MinimumVisualStudioVersion = 10.0.40219.1
Project("{2150E333-8FDC-42A3-9474-1A3956D46DE8}") = "AED-Review", "AED-Review", "{EB07AAAD-5F1F-04CD-C62C-9CA2494D5629}"
EndProject
Project("{FAE04EC0-301F-11D3-BF4B-00C04F79EFBC}") = "Exercise-1", "AED-Review\Exercise-1\Exercise-1.csproj", "{3EFF8679-1006-D98D-5F9B-A02DAAE93503}"
EndProject
Global
	GlobalSection(SolutionConfigurationPlatforms) = preSolution
		Debug|Any CPU = Debug|Any CPU
		Release|Any CPU = Release|Any CPU
	EndGlobalSection
	GlobalSection(ProjectConfigurationPlatforms) = postSolution
		{3EFF8679-1006-D98D-5F9B-A02DAAE93503}.Debug|Any CPU.ActiveCfg = Debug|Any CPU
		{3EFF8679-1006-D98D-5F9B-A02DAAE93503}.Debug|Any CPU.Build.0 = Debug|Any CPU
		{3EFF8679-1006-D98D-5F9B-A02DAAE93503}.Release|Any CPU.ActiveCfg = Release|Any CPU
		{3EFF8679-1006-D98D-5F9B-A02DAAE93503}.Release|Any CPU.Build.0 = Release|Any CPU
	EndGlobalSection
	GlobalSection(SolutionProperties) = preSolution
		HideSolutionNode = FALSE
	EndGlobalSection
	GlobalSection(NestedProjects) = preSolution
		{3EFF8679-1006-D98D-5F9B-A02DAAE93503} = {EB07AAAD-5F1F-04CD-C62C-9CA2494D5629}
	EndGlobalSection
	GlobalSection(ExtensibilityGlobals) = postSolution
		SolutionGuid = {1823B5B0-CF1E-4AB9-9E12-AC9FC36834B1}
	EndGlobalSection
EndGlobal
